
Microsoft Visual Studio Solution File, Format Version 12.00
# Visual Studio Version 17
VisualStudioVersion = 17.14.36915.13 d17.14
MinimumVisualStudioVersion = 10.0.40219.1
Project("{FAE04EC0-301F-11D3-BF4B-00C04F79EFBC}") = "HotelSystem", "HotelSystem\HotelSystem.csproj", "{DAA09039-D8AA-4794-9DA4-D704D8B390F5}"
EndProject
Global
	GlobalSection(SolutionConfigurationPlatforms) = preSolution
		Debug|Any CPU = Debug|Any CPU
		Release|Any CPU = Release|Any CPU
	EndGlobalSection
	GlobalSection(ProjectConfigurationPlatforms) = postSolution
		{DAA09039-D8AA-4794-9DA4-D704D8B390F5}.Debug|Any CPU.ActiveCfg = Debug|Any CPU
		{DAA09039-D8AA-4794-9DA4-D704D8B390F5}.Debug|Any CPU.Build.0 = Debug|Any CPU
		{DAA09039-D8AA-4794-9DA4-D704D8B390F5}.Release|Any CPU.ActiveCfg = Release|Any CPU
		{DAA09039-D8AA-4794-9DA4-D704D8B390F5}.Release|Any CPU.Build.0 = Release|Any CPU
	EndGlobalSection
	GlobalSection(SolutionProperties) = preSolution
		HideSolutionNode = FALSE
	EndGlobalSection
	GlobalSection(ExtensibilityGlobals) = postSolution
		SolutionGuid = {D0334834-2589-4E33-8747-355CDAF1DDD0}
	EndGlobalSection
EndGlobal
